
Microsoft Visual Studio Solution File, Format Version 12.00
Project("{FAE04EC0-301F-11D3-BF4B-00C04F79EFBC}") = "SimpleApiGateway", "SimpleApiGateway\SimpleApiGateway.csproj", "{C749F248-B6D9-47FA-A206-F0ACA6A357DD}"
EndProject
Project("{E53339B2-1760-4266-BCC7-CA923CBCF16C}") = "docker-compose", "docker-compose.dcproj", "{FD4910C0-279F-4057-B9D3-D2A47BBE9958}"
EndProject
Global
	GlobalSection(SolutionConfigurationPlatforms) = preSolution
		Debug|Any CPU = Debug|Any CPU
		Release|Any CPU = Release|Any CPU
	EndGlobalSection
	GlobalSection(ProjectConfigurationPlatforms) = postSolution
		{C749F248-B6D9-47FA-A206-F0ACA6A357DD}.Debug|Any CPU.ActiveCfg = Debug|Any CPU
		{C749F248-B6D9-47FA-A206-F0ACA6A357DD}.Debug|Any CPU.Build.0 = Debug|Any CPU
		{C749F248-B6D9-47FA-A206-F0ACA6A357DD}.Release|Any CPU.ActiveCfg = Release|Any CPU
		{C749F248-B6D9-47FA-A206-F0ACA6A357DD}.Release|Any CPU.Build.0 = Release|Any CPU
	EndGlobalSection
EndGlobal
